// !$*UTF8*$!
{
	archiveVersion = 1;
	classes = {
	};
	objectVersion = 46;
	objects = {

/* Begin PBXBuildFile section */
		D93119D0199BCCCD00EB7BB3 /* AppDelegate.swift in Sources */ = {isa = PBXBuildFile; fileRef = D93119CF199BCCCD00EB7BB3 /* AppDelegate.swift */; };
		D93119D2199BCCCD00EB7BB3 /* ViewController.swift in Sources */ = {isa = PBXBuildFile; fileRef = D93119D1199BCCCD00EB7BB3 /* ViewController.swift */; };
		D93119D5199BCCCD00EB7BB3 /* Main.storyboard in Resources */ = {isa = PBXBuildFile; fileRef = D93119D3199BCCCD00EB7BB3 /* Main.storyboard */; };
		D93119D7199BCCCD00EB7BB3 /* Images.xcassets in Resources */ = {isa = PBXBuildFile; fileRef = D93119D6199BCCCD00EB7BB3 /* Images.xcassets */; };
		D93119E3199BCCCD00EB7BB3 /* CPCarouselTests.swift in Sources */ = {isa = PBXBuildFile; fileRef = D93119E2199BCCCD00EB7BB3 /* CPCarouselTests.swift */; };
		D93119EE199BCDA100EB7BB3 /* IntroViewController.swift in Sources */ = {isa = PBXBuildFile; fileRef = D93119ED199BCDA100EB7BB3 /* IntroViewController.swift */; };
/* End PBXBuildFile section */

/* Begin PBXContainerItemProxy section */
		D93119DD199BCCCD00EB7BB3 /* PBXContainerItemProxy */ = {
			isa = PBXContainerItemProxy;
			containerPortal = D93119C2199BCCCC00EB7BB3 /* Project object */;
			proxyType = 1;
			remoteGlobalIDString = D93119C9199BCCCD00EB7BB3;
			remoteInfo = CPCarousel;
		};
/* End PBXContainerItemProxy section */

/* Begin PBXFileReference section */
		D93119CA199BCCCD00EB7BB3 /* CPCarousel.app */ = {isa = PBXFileReference; explicitFileType = wrapper.application; includeInIndex = 0; path = CPCarousel.app; sourceTree = BUILT_PRODUCTS_DIR; };
		D93119CE199BCCCD00EB7BB3 /* Info.plist */ = {isa = PBXFileReference; lastKnownFileType = text.plist.xml; path = Info.plist; sourceTree = "<group>"; };
		D93119CF199BCCCD00EB7BB3 /* AppDelegate.swift */ = {isa = PBXFileReference; lastKnownFileType = sourcecode.swift; path = AppDelegate.swift; sourceTree = "<group>"; };
		D93119D1199BCCCD00EB7BB3 /* ViewController.swift */ = {isa = PBXFileReference; lastKnownFileType = sourcecode.swift; path = ViewController.swift; sourceTree = "<group>"; };
		D93119D4199BCCCD00EB7BB3 /* Base */ = {isa = PBXFileReference; lastKnownFileType = file.storyboard; name = Base; path = Base.lproj/Main.storyboard; sourceTree = "<group>"; };
		D93119D6199BCCCD00EB7BB3 /* Images.xcassets */ = {isa = PBXFileReference; lastKnownFileType = folder.assetcatalog; path = Images.xcassets; sourceTree = "<group>"; };
		D93119DC199BCCCD00EB7BB3 /* CPCarouselTests.xctest */ = {isa = PBXFileReference; explicitFileType = wrapper.cfbundle; includeInIndex = 0; path = CPCarouselTests.xctest; sourceTree = BUILT_PRODUCTS_DIR; };
		D93119E1199BCCCD00EB7BB3 /* Info.plist */ = {isa = PBXFileReference; lastKnownFileType = text.plist.xml; path = Info.plist; sourceTree = "<group>"; };
		D93119E2199BCCCD00EB7BB3 /* CPCarouselTests.swift */ = {isa = PBXFileReference; lastKnownFileType = sourcecode.swift; path = CPCarouselTests.swift; sourceTree = "<group>"; };
		D93119ED199BCDA100EB7BB3 /* IntroViewController.swift */ = {isa = PBXFileReference; fileEncoding = 4; lastKnownFileType = sourcecode.swift; path = IntroViewController.swift; sourceTree = "<group>"; };
/* End PBXFileReference section */

/* Begin PBXFrameworksBuildPhase section */
		D93119C7199BCCCD00EB7BB3 /* Frameworks */ = {
			isa = PBXFrameworksBuildPhase;
			buildActionMask = 2147483647;
			files = (
			);
			runOnlyForDeploymentPostprocessing = 0;
		};
		D93119D9199BCCCD00EB7BB3 /* Frameworks */ = {
			isa = PBXFrameworksBuildPhase;
			buildActionMask = 2147483647;
			files = (
			);
			runOnlyForDeploymentPostprocessing = 0;
		};
/* End PBXFrameworksBuildPhase section */

/* Begin PBXGroup section */
		D93119C1199BCCCC00EB7BB3 = {
			isa = PBXGroup;
			children = (
				D93119CC199BCCCD00EB7BB3 /* CPCarousel */,
				D93119DF199BCCCD00EB7BB3 /* CPCarouselTests */,
				D93119CB199BCCCD00EB7BB3 /* Products */,
			);
			sourceTree = "<group>";
		};
		D93119CB199BCCCD00EB7BB3 /* Products */ = {
			isa = PBXGroup;
			children = (
				D93119CA199BCCCD00EB7BB3 /* CPCarousel.app */,
				D93119DC199BCCCD00EB7BB3 /* CPCarouselTests.xctest */,
			);
			name = Products;
			sourceTree = "<group>";
		};
		D93119CC199BCCCD00EB7BB3 /* CPCarousel */ = {
			isa = PBXGroup;
			children = (
				D93119EC199BCD8800EB7BB3 /* View Controllers */,
				D93119CF199BCCCD00EB7BB3 /* AppDelegate.swift */,
				D93119D1199BCCCD00EB7BB3 /* ViewController.swift */,
				D93119D3199BCCCD00EB7BB3 /* Main.storyboard */,
				D93119D6199BCCCD00EB7BB3 /* Images.xcassets */,
				D93119CD199BCCCD00EB7BB3 /* Supporting Files */,
			);
			path = CPCarousel;
			sourceTree = "<group>";
		};
		D93119CD199BCCCD00EB7BB3 /* Supporting Files */ = {
			isa = PBXGroup;
			children = (
				D93119CE199BCCCD00EB7BB3 /* Info.plist */,
			);
			name = "Supporting Files";
			sourceTree = "<group>";
		};
		D93119DF199BCCCD00EB7BB3 /* CPCarouselTests */ = {
			isa = PBXGroup;
			children = (
				D93119E2199BCCCD00EB7BB3 /* CPCarouselTests.swift */,
				D93119E0199BCCCD00EB7BB3 /* Supporting Files */,
			);
			path = CPCarouselTests;
			sourceTree = "<group>";
		};
		D93119E0199BCCCD00EB7BB3 /* Supporting Files */ = {
			isa = PBXGroup;
			children = (
				D93119E1199BCCCD00EB7BB3 /* Info.plist */,
			);
			name = "Supporting Files";
			sourceTree = "<group>";
		};
		D93119EC199BCD8800EB7BB3 /* View Controllers */ = {
			isa = PBXGroup;
			children = (
				D93119ED199BCDA100EB7BB3 /* IntroViewController.swift */,
			);
			name = "View Controllers";
			sourceTree = "<group>";
		};
/* End PBXGroup section */

/* Begin PBXNativeTarget section */
		D93119C9199BCCCD00EB7BB3 /* CPCarousel */ = {
			isa = PBXNativeTarget;
			buildConfigurationList = D93119E6199BCCCD00EB7BB3 /* Build configuration list for PBXNativeTarget "CPCarousel" */;
			buildPhases = (
				D93119C6199BCCCD00EB7BB3 /* Sources */,
				D93119C7199BCCCD00EB7BB3 /* Frameworks */,
				D93119C8199BCCCD00EB7BB3 /* Resources */,
			);
			buildRules = (
			);
			dependencies = (
			);
			name = CPCarousel;
			productName = CPCarousel;
			productReference = D93119CA199BCCCD00EB7BB3 /* CPCarousel.app */;
			productType = "com.apple.product-type.application";
		};
		D93119DB199BCCCD00EB7BB3 /* CPCarouselTests */ = {
			isa = PBXNativeTarget;
			buildConfigurationList = D93119E9199BCCCD00EB7BB3 /* Build configuration list for PBXNativeTarget "CPCarouselTests" */;
			buildPhases = (
				D93119D8199BCCCD00EB7BB3 /* Sources */,
				D93119D9199BCCCD00EB7BB3 /* Frameworks */,
				D93119DA199BCCCD00EB7BB3 /* Resources */,
			);
			buildRules = (
			);
			dependencies = (
				D93119DE199BCCCD00EB7BB3 /* PBXTargetDependency */,
			);
			name = CPCarouselTests;
			productName = CPCarouselTests;
			productReference = D93119DC199BCCCD00EB7BB3 /* CPCarouselTests.xctest */;
			productType = "com.apple.product-type.bundle.unit-test";
		};
/* End PBXNativeTarget section */

/* Begin PBXProject section */
		D93119C2199BCCCC00EB7BB3 /* Project object */ = {
			isa = PBXProject;
			attributes = {
				LastUpgradeCheck = 0600;
				ORGANIZATIONNAME = "Daniel Eden";
				TargetAttributes = {
					D93119C9199BCCCD00EB7BB3 = {
						CreatedOnToolsVersion = 6.0;
					};
					D93119DB199BCCCD00EB7BB3 = {
						CreatedOnToolsVersion = 6.0;
						TestTargetID = D93119C9199BCCCD00EB7BB3;
					};
				};
			};
			buildConfigurationList = D93119C5199BCCCC00EB7BB3 /* Build configuration list for PBXProject "CPCarousel" */;
			compatibilityVersion = "Xcode 3.2";
			developmentRegion = English;
			hasScannedForEncodings = 0;
			knownRegions = (
				en,
				Base,
			);
			mainGroup = D93119C1199BCCCC00EB7BB3;
			productRefGroup = D93119CB199BCCCD00EB7BB3 /* Products */;
			projectDirPath = "";
			projectRoot = "";
			targets = (
				D93119C9199BCCCD00EB7BB3 /* CPCarousel */,
				D93119DB199BCCCD00EB7BB3 /* CPCarouselTests */,
			);
		};
/* End PBXProject section */

/* Begin PBXResourcesBuildPhase section */
		D93119C8199BCCCD00EB7BB3 /* Resources */ = {
			isa = PBXResourcesBuildPhase;
			buildActionMask = 2147483647;
			files = (
				D93119D5199BCCCD00EB7BB3 /* Main.storyboard in Resources */,
				D93119D7199BCCCD00EB7BB3 /* Images.xcassets in Resources */,
			);
			runOnlyForDeploymentPostprocessing = 0;
		};
		D93119DA199BCCCD00EB7BB3 /* Resources */ = {
			isa = PBXResourcesBuildPhase;
			buildActionMask = 2147483647;
			files = (
			);
			runOnlyForDeploymentPostprocessing = 0;
		};
/* End PBXResourcesBuildPhase section */

/* Begin PBXSourcesBuildPhase section */
		D93119C6199BCCCD00EB7BB3 /* Sources */ = {
			isa = PBXSourcesBuildPhase;
			buildActionMask = 2147483647;
			files = (
				D93119EE199BCDA100EB7BB3 /* IntroViewController.swift in Sources */,
				D93119D2199BCCCD00EB7BB3 /* ViewController.swift in Sources */,
				D93119D0199BCCCD00EB7BB3 /* AppDelegate.swift in Sources */,
			);
			runOnlyForDeploymentPostprocessing = 0;
		};
		D93119D8199BCCCD00EB7BB3 /* Sources */ = {
			isa = PBXSourcesBuildPhase;
			buildActionMask = 2147483647;
			files = (
				D93119E3199BCCCD00EB7BB3 /* CPCarouselTests.swift in Sources */,
			);
			runOnlyForDeploymentPostprocessing = 0;
		};
/* End PBXSourcesBuildPhase section */

/* Begin PBXTargetDependency section */
		D93119DE199BCCCD00EB7BB3 /* PBXTargetDependency */ = {
			isa = PBXTargetDependency;
			target = D93119C9199BCCCD00EB7BB3 /* CPCarousel */;
			targetProxy = D93119DD199BCCCD00EB7BB3 /* PBXContainerItemProxy */;
		};
/* End PBXTargetDependency section */

/* Begin PBXVariantGroup section */
		D93119D3199BCCCD00EB7BB3 /* Main.storyboard */ = {
			isa = PBXVariantGroup;
			children = (
				D93119D4199BCCCD00EB7BB3 /* Base */,
			);
			name = Main.storyboard;
			sourceTree = "<group>";
		};
/* End PBXVariantGroup section */

/* Begin XCBuildConfiguration section */
		D93119E4199BCCCD00EB7BB3 /* Debug */ = {
			isa = XCBuildConfiguration;
			buildSettings = {
				ALWAYS_SEARCH_USER_PATHS = NO;
				CLANG_CXX_LANGUAGE_STANDARD = "gnu++0x";
				CLANG_CXX_LIBRARY = "libc++";
				CLANG_ENABLE_MODULES = YES;
				CLANG_ENABLE_OBJC_ARC = YES;
				CLANG_WARN_BOOL_CONVERSION = YES;
				CLANG_WARN_CONSTANT_CONVERSION = YES;
				CLANG_WARN_DIRECT_OBJC_ISA_USAGE = YES_ERROR;
				CLANG_WARN_EMPTY_BODY = YES;
				CLANG_WARN_ENUM_CONVERSION = YES;
				CLANG_WARN_INT_CONVERSION = YES;
				CLANG_WARN_OBJC_ROOT_CLASS = YES_ERROR;
				CLANG_WARN_UNREACHABLE_CODE = YES;
				CLANG_WARN__DUPLICATE_METHOD_MATCH = YES;
				"CODE_SIGN_IDENTITY[sdk=iphoneos*]" = "iPhone Developer";
				COPY_PHASE_STRIP = NO;
				ENABLE_STRICT_OBJC_MSGSEND = YES;
				GCC_C_LANGUAGE_STANDARD = gnu99;
				GCC_DYNAMIC_NO_PIC = NO;
				GCC_OPTIMIZATION_LEVEL = 0;
				GCC_PREPROCESSOR_DEFINITIONS = (
					"DEBUG=1",
					"$(inherited)",
				);
				GCC_SYMBOLS_PRIVATE_EXTERN = NO;
				GCC_WARN_64_TO_32_BIT_CONVERSION = YES;
				GCC_WARN_ABOUT_RETURN_TYPE = YES_ERROR;
				GCC_WARN_UNDECLARED_SELECTOR = YES;
				GCC_WARN_UNINITIALIZED_AUTOS = YES_AGGRESSIVE;
				GCC_WARN_UNUSED_FUNCTION = YES;
				GCC_WARN_UNUSED_VARIABLE = YES;
				IPHONEOS_DEPLOYMENT_TARGET = 8.0;
				MTL_ENABLE_DEBUG_INFO = YES;
				ONLY_ACTIVE_ARCH = YES;
				SDKROOT = iphoneos;
				SWIFT_OPTIMIZATION_LEVEL = "-Onone";
			};
			name = Debug;
		};
		D93119E5199BCCCD00EB7BB3 /* Release */ = {
			isa = XCBuildConfiguration;
			buildSettings = {
				ALWAYS_SEARCH_USER_PATHS = NO;
				CLANG_CXX_LANGUAGE_STANDARD = "gnu++0x";
				CLANG_CXX_LIBRARY = "libc++";
				CLANG_ENABLE_MODULES = YES;
				CLANG_ENABLE_OBJC_ARC = YES;
				CLANG_WARN_BOOL_CONVERSION = YES;
				CLANG_WARN_CONSTANT_CONVERSION = YES;
				CLANG_WARN_DIRECT_OBJC_ISA_USAGE = YES_ERROR;
				CLANG_WARN_EMPTY_BODY = YES;
				CLANG_WARN_ENUM_CONVERSION = YES;
				CLANG_WARN_INT_CONVERSION = YES;
				CLANG_WARN_OBJC_ROOT_CLASS = YES_ERROR;
				CLANG_WARN_UNREACHABLE_CODE = YES;
				CLANG_WARN__DUPLICATE_METHOD_MATCH = YES;
				"CODE_SIGN_IDENTITY[sdk=iphoneos*]" = "iPhone Developer";
				COPY_PHASE_STRIP = YES;
				ENABLE_NS_ASSERTIONS = NO;
				ENABLE_STRICT_OBJC_MSGSEND = YES;
				GCC_C_LANGUAGE_STANDARD = gnu99;
				GCC_WARN_64_TO_32_BIT_CONVERSION = YES;
				GCC_WARN_ABOUT_RETURN_TYPE = YES_ERROR;
				GCC_WARN_UNDECLARED_SELECTOR = YES;
				GCC_WARN_UNINITIALIZED_AUTOS = YES_AGGRESSIVE;
				GCC_WARN_UNUSED_FUNCTION = YES;
				GCC_WARN_UNUSED_VARIABLE = YES;
				IPHONEOS_DEPLOYMENT_TARGET = 8.0;
				MTL_ENABLE_DEBUG_INFO = NO;
				SDKROOT = iphoneos;
				VALIDATE_PRODUCT = YES;
			};
			name = Release;
		};
		D93119E7199BCCCD00EB7BB3 /* Debug */ = {
			isa = XCBuildConfiguration;
			buildSettings = {
				ASSETCATALOG_COMPILER_APPICON_NAME = AppIcon;
				ASSETCATALOG_COMPILER_LAUNCHIMAGE_NAME = LaunchImage;
				INFOPLIST_FILE = CPCarousel/Info.plist;
				IPHONEOS_DEPLOYMENT_TARGET = 7.1;
				LD_RUNPATH_SEARCH_PATHS = "$(inherited) @executable_path/Frameworks";
				PRODUCT_NAME = "$(TARGET_NAME)";
			};
			name = Debug;
		};
		D93119E8199BCCCD00EB7BB3 /* Release */ = {
			isa = XCBuildConfiguration;
			buildSettings = {
				ASSETCATALOG_COMPILER_APPICON_NAME = AppIcon;
				ASSETCATALOG_COMPILER_LAUNCHIMAGE_NAME = LaunchImage;
				INFOPLIST_FILE = CPCarousel/Info.plist;
				IPHONEOS_DEPLOYMENT_TARGET = 7.1;
				LD_RUNPATH_SEARCH_PATHS = "$(inherited) @executable_path/Frameworks";
				PRODUCT_NAME = "$(TARGET_NAME)";
			};
			name = Release;
		};
		D93119EA199BCCCD00EB7BB3 /* Debug */ = {
			isa = XCBuildConfiguration;
			buildSettings = {
				BUNDLE_LOADER = "$(TEST_HOST)";
				FRAMEWORK_SEARCH_PATHS = (
					"$(SDKROOT)/Developer/Library/Frameworks",
					"$(inherited)",
				);
				GCC_PREPROCESSOR_DEFINITIONS = (
					"DEBUG=1",
					"$(inherited)",
				);
				INFOPLIST_FILE = CPCarouselTests/Info.plist;
				LD_RUNPATH_SEARCH_PATHS = "$(inherited) @executable_path/Frameworks @loader_path/Frameworks";
				PRODUCT_NAME = "$(TARGET_NAME)";
				TEST_HOST = "$(BUILT_PRODUCTS_DIR)/CPCarousel.app/CPCarousel";
			};
			name = Debug;
		};
		D93119EB199BCCCD00EB7BB3 /* Release */ = {
			isa = XCBuildConfiguration;
			buildSettings = {
				BUNDLE_LOADER = "$(TEST_HOST)";
				FRAMEWORK_SEARCH_PATHS = (
					"$(SDKROOT)/Developer/Library/Frameworks",
					"$(inherited)",
				);
				INFOPLIST_FILE = CPCarouselTests/Info.plist;
				LD_RUNPATH_SEARCH_PATHS = "$(inherited) @executable_path/Frameworks @loader_path/Frameworks";
				PRODUCT_NAME = "$(TARGET_NAME)";
				TEST_HOST = "$(BUILT_PRODUCTS_DIR)/CPCarousel.app/CPCarousel";
			};
			name = Release;
		};
/* End XCBuildConfiguration section */

/* Begin XCConfigurationList section */
		D93119C5199BCCCC00EB7BB3 /* Build configuration list for PBXProject "CPCarousel" */ = {
			isa = XCConfigurationList;
			buildConfigurations = (
				D93119E4199BCCCD00EB7BB3 /* Debug */,
				D93119E5199BCCCD00EB7BB3 /* Release */,
			);
			defaultConfigurationIsVisible = 0;
			defaultConfigurationName = Release;
		};
		D93119E6199BCCCD00EB7BB3 /* Build configuration list for PBXNativeTarget "CPCarousel" */ = {
			isa = XCConfigurationList;
			buildConfigurations = (
				D93119E7199BCCCD00EB7BB3 /* Debug */,
				D93119E8199BCCCD00EB7BB3 /* Release */,
			);
			defaultConfigurationIsVisible = 0;
			defaultConfigurationName = Release;
		};
		D93119E9199BCCCD00EB7BB3 /* Build configuration list for PBXNativeTarget "CPCarouselTests" */ = {
			isa = XCConfigurationList;
			buildConfigurations = (
				D93119EA199BCCCD00EB7BB3 /* Debug */,
				D93119EB199BCCCD00EB7BB3 /* Release */,
			);
			defaultConfigurationIsVisible = 0;
			defaultConfigurationName = Release;
		};
/* End XCConfigurationList section */
	};
	rootObject = D93119C2199BCCCC00EB7BB3 /* Project object */;
}
